{
  "name": "hash-map",
  "version": "1.0.0",
  "lockfileVersion": 3,
  "requires": true,
  "packages": {
    "": {
      "name": "hash-map",
      "version": "1.0.0",
      "license": "ISC",
      "dependencies": {
        "@freeloader/link-list": "^1.0.1"
      }
    },
    "node_modules/@freeloader/link-list": {
      "version": "1.0.1",
      "resolved": "https://registry.npmjs.org/@freeloader/link-list/-/link-list-1.0.1.tgz",
      "integrity": "sha512-SaAO18V03GCMzywNOFK8GFiJMExDJ6PrOxDH9hoW/aLt66x8yoqtZLVYZzdH+4WL/BGbBnFJReor7SYYY/dyoQ=="
    }
  }
}
